lockfileVersion: 5.4

importers:

  .:
    specifiers:
      '@playwright/test': ^1.31.1
      nextquery: workspace:*
      prettier: ^2.8.4
    dependencies:
      nextquery: link:packages/nextquery
    devDependencies:
      '@playwright/test': 1.31.1
      prettier: 2.8.4

  packages/nextquery:
    specifiers: {}

packages:

  /@playwright/test/1.31.1:
    resolution: {integrity: sha512-IsytVZ+0QLDh1Hj83XatGp/GsI1CDJWbyDaBGbainsh0p2zC7F4toUocqowmjS6sQff2NGT3D9WbDj/3K2CJiA==}
    engines: {node: '>=14'}
    hasBin: true
    dependencies:
      '@types/node': 18.14.2
      playwright-core: 1.31.1
    optionalDependencies:
      fsevents: 2.3.2
    dev: true

  /@types/node/18.14.2:
    resolution: {integrity: sha512-1uEQxww3DaghA0RxqHx0O0ppVlo43pJhepY51OxuQIKHpjbnYLA7vcdwioNPzIqmC2u3I/dmylcqjlh0e7AyUA==}
    dev: true

  /fsevents/2.3.2:
    resolution: {integrity: sha512-xiqMQR4xAeHTuB9uWm+fFRcIOgKBMiOBP+eXiyT7jsgVCq1bkVygt00oASowB7EdtpOHaaPgKt812P9ab+DDKA==}
    engines: {node: ^8.16.0 || ^10.6.0 || >=11.0.0}
    os: [darwin]
    requiresBuild: true
    dev: true
    optional: true

  /playwright-core/1.31.1:
    resolution: {integrity: sha512-JTyX4kV3/LXsvpHkLzL2I36aCdml4zeE35x+G5aPc4bkLsiRiQshU5lWeVpHFAuC8xAcbI6FDcw/8z3q2xtJSQ==}
    engines: {node: '>=14'}
    hasBin: true
    dev: true

  /prettier/2.8.4:
    resolution: {integrity: sha512-vIS4Rlc2FNh0BySk3Wkd6xmwxB0FpOndW5fisM5H8hsZSxU2VWVB5CWIkIjWvrHjIhxk2g3bfMKM87zNTrZddw==}
    engines: {node: '>=10.13.0'}
    hasBin: true
    dev: true
